
Microsoft Visual Studio Solution File, Format Version 12.00
# Visual Studio Version 17
VisualStudioVersion = 17.0.31903.59
MinimumVisualStudioVersion = 10.0.40219.1
Project("{9A19103F-16F7-4668-BE54-9A1E7A4F7556}") = "Service", "service\Service.csproj", "{371F7D24-E422-4DC0-8052-5EC13E5BEA6D}"
EndProject
Project("{9A19103F-16F7-4668-BE54-9A1E7A4F7556}") = "Domain", "Domain\Domain.csproj", "{4AF9600B-2A17-4E46-9B79-DB2281A6C9F2}"
EndProject
Project("{9A19103F-16F7-4668-BE54-9A1E7A4F7556}") = "Persistence", "Persistence\Persistence.csproj", "{BF3EDB75-C9D1-4806-8F6B-4BB738546D30}"
EndProject
Project("{FAE04EC0-301F-11D3-BF4B-00C04F79EFBC}") = "Web", "Web\Web.csproj", "{20A5BE05-BD44-48DC-855F-C7D54BAAE085}"
EndProject
Global
	GlobalSection(SolutionConfigurationPlatforms) = preSolution
		Debug|Any CPU = Debug|Any CPU
		Release|Any CPU = Release|Any CPU
	EndGlobalSection
	GlobalSection(ProjectConfigurationPlatforms) = postSolution
		{371F7D24-E422-4DC0-8052-5EC13E5BEA6D}.Debug|Any CPU.ActiveCfg = Debug|Any CPU
		{371F7D24-E422-4DC0-8052-5EC13E5BEA6D}.Debug|Any CPU.Build.0 = Debug|Any CPU
		{371F7D24-E422-4DC0-8052-5EC13E5BEA6D}.Release|Any CPU.ActiveCfg = Release|Any CPU
		{371F7D24-E422-4DC0-8052-5EC13E5BEA6D}.Release|Any CPU.Build.0 = Release|Any CPU
		{4AF9600B-2A17-4E46-9B79-DB2281A6C9F2}.Debug|Any CPU.ActiveCfg = Debug|Any CPU
		{4AF9600B-2A17-4E46-9B79-DB2281A6C9F2}.Debug|Any CPU.Build.0 = Debug|Any CPU
		{4AF9600B-2A17-4E46-9B79-DB2281A6C9F2}.Release|Any CPU.ActiveCfg = Release|Any CPU
		{4AF9600B-2A17-4E46-9B79-DB2281A6C9F2}.Release|Any CPU.Build.0 = Release|Any CPU
		{BF3EDB75-C9D1-4806-8F6B-4BB738546D30}.Debug|Any CPU.ActiveCfg = Debug|Any CPU
		{BF3EDB75-C9D1-4806-8F6B-4BB738546D30}.Debug|Any CPU.Build.0 = Debug|Any CPU
		{BF3EDB75-C9D1-4806-8F6B-4BB738546D30}.Release|Any CPU.ActiveCfg = Release|Any CPU
		{BF3EDB75-C9D1-4806-8F6B-4BB738546D30}.Release|Any CPU.Build.0 = Release|Any CPU
		{20A5BE05-BD44-48DC-855F-C7D54BAAE085}.Debug|Any CPU.ActiveCfg = Debug|Any CPU
		{20A5BE05-BD44-48DC-855F-C7D54BAAE085}.Debug|Any CPU.Build.0 = Debug|Any CPU
		{20A5BE05-BD44-48DC-855F-C7D54BAAE085}.Release|Any CPU.ActiveCfg = Release|Any CPU
		{20A5BE05-BD44-48DC-855F-C7D54BAAE085}.Release|Any CPU.Build.0 = Release|Any CPU
	EndGlobalSection
	GlobalSection(SolutionProperties) = preSolution
		HideSolutionNode = FALSE
	EndGlobalSection
	GlobalSection(ExtensibilityGlobals) = postSolution
		SolutionGuid = {BF787254-D2A4-4161-97E4-3001FDB0A690}
	EndGlobalSection
EndGlobal
